github.com/cellebyte/go-pph v0.0.2 h1:e00cmGn29GmJ0Lk0o+64SVEGSkJVpL+Akw2yVoIaHWA=
github.com/cellebyte/go-pph v0.0.2/go.mod h1:fRfh4EH92x2WMvibmMYs4yy4Bub1uXGx55bUeOyz4fc=
github.com/libdns/cloudflare v0.2.2 h1:XWHv+C1dDcApqazlh08Q6pjytYLgR2a+Y3xrXFu0vsI=
github.com/libdns/cloudflare v0.2.2/go.mod h1:w9uTmRCDlAoafAsTPnn2nJ0XHK/eaUMh86DUk8BWi60=
github.com/libdns/libdns v1.1.1 h1:wPrHrXILoSHKWJKGd0EiAVmiJbFShguILTg9leS/P/U=
github.com/libdns/libdns v1.1.1/go.mod h1:4Bj9+5CQiNMVGf87wjX4CY3HQJypUHRuLvlsfsZqLWQ=
github.com/libdns/pph v0.0.2 h1:LIsMvtJVUFlNys5WFJ3Q9K1E6HXKklidEk5JY6F+60s=
github.com/libdns/pph v0.0.2/go.mod h1:Z6F9XxtDV6Z5/kHEsGW2Dkvkd884fC/2AkXqMjIPjqY=
golang.org/x/net v0.51.0 h1:94R/GTO7mt3/4wIKpcR5gkGmRLOuE/2hNGeWq/GBIFo=
golang.org/x/net v0.51.0/go.mod h1:aamm+2QF5ogm02fjy5Bb7CQ0WMt1/WVM7FtyaTLlA9Y=
